# This file is automatically @generated by Cargo.
# It is not intended for manual editing.
version = 4

[[package]]
name = "Blank0"
version = "0.0.1"

[[package]]
name = "Blank1"
version = "0.0.1"

[[package]]
name = "Blank2"
version = "0.0.1"

[[package]]
name = "Blank3"
version = "0.0.1"

[[package]]
name = "Blank4"
version = "0.0.1"
